
Microsoft Visual Studio Solution File, Format Version 12.00
# Visual Studio Version 16
VisualStudioVersion = 16.0.31402.337
MinimumVisualStudioVersion = 10.0.40219.1
Project("{9A19103F-16F7-4668-BE54-9A1E7A4F7556}") = "Coworking.Api", "Coworking.Api\Coworking.Api.csproj", "{7DE5BAAB-572B-4E24-857A-8CC681235AA6}"
EndProject
Project("{2150E333-8FDC-42A3-9474-1A3956D46DE8}") = "1-Layers", "1-Layers", "{E7A73EB5-B8E0-48B6-9617-0282A2FC1B17}"
EndProject
Project("{2150E333-8FDC-42A3-9474-1A3956D46DE8}") = "1.1 Distributed Services", "1.1 Distributed Services", "{E0879690-69F8-4909-A8D2-80BEEE0DC70F}"
EndProject
Project("{2150E333-8FDC-42A3-9474-1A3956D46DE8}") = "1.2 Aplication (Servicio)", "1.2 Aplication (Servicio)", "{CA3A3354-9B5F-4F50-93DB-377155DC4F14}"
EndProject
Project("{9A19103F-16F7-4668-BE54-9A1E7A4F7556}") = "Coworking.Api.Aplication", "Coworking.Api.Aplication\Coworking.Api.Aplication.csproj", "{AA9F079D-43B0-405A-A684-11DC67221CF6}"
EndProject
Project("{9A19103F-16F7-4668-BE54-9A1E7A4F7556}") = "Coworking.Api.Application.Contracts", "Coworking.Api.Application.Contracts\Coworking.Api.Application.Contracts.csproj", "{5162837B-1DEA-42F7-B8CC-D883E5C3C6BB}"
EndProject
Project("{2150E333-8FDC-42A3-9474-1A3956D46DE8}") = "1.3 Business (Dominio)", "1.3 Business (Dominio)", "{B3C67078-E1A8-4D73-8ECA-A820103AEA84}"
EndProject
Project("{9A19103F-16F7-4668-BE54-9A1E7A4F7556}") = "Coworking.Api.Bussines", "Coworking.Api.Bussines\Coworking.Api.Bussines.csproj", "{B1717B2B-F61B-478C-8724-B69315060BF1}"
EndProject
Project("{9A19103F-16F7-4668-BE54-9A1E7A4F7556}") = "Coworking.Api.Application.Tests", "Coworking.Api.Application.Tests\Coworking.Api.Application.Tests.csproj", "{BE4BC6AA-79D9-446C-8ABB-FCFEB130389D}"
EndProject
Project("{2150E333-8FDC-42A3-9474-1A3956D46DE8}") = "1.4 DataAcces", "1.4 DataAcces", "{2E015B67-38E1-4464-911C-B3994829F8FA}"
EndProject
Project("{9A19103F-16F7-4668-BE54-9A1E7A4F7556}") = "Coworking.Api.DataAcces", "Coworking.Api.DataAcces\Coworking.Api.DataAcces.csproj", "{2C0C3F3C-A0DD-4C3D-99D9-91DFCEB37694}"
EndProject
Project("{9A19103F-16F7-4668-BE54-9A1E7A4F7556}") = "Coworking.Api.DataAcces.Contracts", "Coworking.Api.DataAcces.Contracts\Coworking.Api.DataAcces.Contracts.csproj", "{0769464E-09B0-47DC-B9E4-83D6C93BB6DD}"
EndProject
Project("{2150E333-8FDC-42A3-9474-1A3956D46DE8}") = "Cross-Cutting (Transversal)", "Cross-Cutting (Transversal)", "{D9E566C6-CEA5-4EA6-A8C2-C1E8E007B6B0}"
EndProject
Project("{9A19103F-16F7-4668-BE54-9A1E7A4F7556}") = "Coworking.Api.CrossCuting", "Coworking.Api.CrossCuting\Coworking.Api.CrossCuting.csproj", "{6BC59EBB-9F9D-44DC-AB9D-2F43D330651E}"
EndProject
Global
	GlobalSection(SolutionConfigurationPlatforms) = preSolution
		Debug|Any CPU = Debug|Any CPU
		Release|Any CPU = Release|Any CPU
	EndGlobalSection
	GlobalSection(ProjectConfigurationPlatforms) = postSolution
		{7DE5BAAB-572B-4E24-857A-8CC681235AA6}.Debug|Any CPU.ActiveCfg = Debug|Any CPU
		{7DE5BAAB-572B-4E24-857A-8CC681235AA6}.Debug|Any CPU.Build.0 = Debug|Any CPU
		{7DE5BAAB-572B-4E24-857A-8CC681235AA6}.Release|Any CPU.ActiveCfg = Release|Any CPU
		{7DE5BAAB-572B-4E24-857A-8CC681235AA6}.Release|Any CPU.Build.0 = Release|Any CPU
		{AA9F079D-43B0-405A-A684-11DC67221CF6}.Debug|Any CPU.ActiveCfg = Debug|Any CPU
		{AA9F079D-43B0-405A-A684-11DC67221CF6}.Debug|Any CPU.Build.0 = Debug|Any CPU
		{AA9F079D-43B0-405A-A684-11DC67221CF6}.Release|Any CPU.ActiveCfg = Release|Any CPU
		{AA9F079D-43B0-405A-A684-11DC67221CF6}.Release|Any CPU.Build.0 = Release|Any CPU
		{5162837B-1DEA-42F7-B8CC-D883E5C3C6BB}.Debug|Any CPU.ActiveCfg = Debug|Any CPU
		{5162837B-1DEA-42F7-B8CC-D883E5C3C6BB}.Debug|Any CPU.Build.0 = Debug|Any CPU
		{5162837B-1DEA-42F7-B8CC-D883E5C3C6BB}.Release|Any CPU.ActiveCfg = Release|Any CPU
		{5162837B-1DEA-42F7-B8CC-D883E5C3C6BB}.Release|Any CPU.Build.0 = Release|Any CPU
		{B1717B2B-F61B-478C-8724-B69315060BF1}.Debug|Any CPU.ActiveCfg = Debug|Any CPU
		{B1717B2B-F61B-478C-8724-B69315060BF1}.Debug|Any CPU.Build.0 = Debug|Any CPU
		{B1717B2B-F61B-478C-8724-B69315060BF1}.Release|Any CPU.ActiveCfg = Release|Any CPU
		{B1717B2B-F61B-478C-8724-B69315060BF1}.Release|Any CPU.Build.0 = Release|Any CPU
		{BE4BC6AA-79D9-446C-8ABB-FCFEB130389D}.Debug|Any CPU.ActiveCfg = Debug|Any CPU
		{BE4BC6AA-79D9-446C-8ABB-FCFEB130389D}.Debug|Any CPU.Build.0 = Debug|Any CPU
		{BE4BC6AA-79D9-446C-8ABB-FCFEB130389D}.Release|Any CPU.ActiveCfg = Release|Any CPU
		{BE4BC6AA-79D9-446C-8ABB-FCFEB130389D}.Release|Any CPU.Build.0 = Release|Any CPU
		{2C0C3F3C-A0DD-4C3D-99D9-91DFCEB37694}.Debug|Any CPU.ActiveCfg = Debug|Any CPU
		{2C0C3F3C-A0DD-4C3D-99D9-91DFCEB37694}.Debug|Any CPU.Build.0 = Debug|Any CPU
		{2C0C3F3C-A0DD-4C3D-99D9-91DFCEB37694}.Release|Any CPU.ActiveCfg = Release|Any CPU
		{2C0C3F3C-A0DD-4C3D-99D9-91DFCEB37694}.Release|Any CPU.Build.0 = Release|Any CPU
		{0769464E-09B0-47DC-B9E4-83D6C93BB6DD}.Debug|Any CPU.ActiveCfg = Debug|Any CPU
		{0769464E-09B0-47DC-B9E4-83D6C93BB6DD}.Debug|Any CPU.Build.0 = Debug|Any CPU
		{0769464E-09B0-47DC-B9E4-83D6C93BB6DD}.Release|Any CPU.ActiveCfg = Release|Any CPU
		{0769464E-09B0-47DC-B9E4-83D6C93BB6DD}.Release|Any CPU.Build.0 = Release|Any CPU
		{6BC59EBB-9F9D-44DC-AB9D-2F43D330651E}.Debug|Any CPU.ActiveCfg = Debug|Any CPU
		{6BC59EBB-9F9D-44DC-AB9D-2F43D330651E}.Debug|Any CPU.Build.0 = Debug|Any CPU
		{6BC59EBB-9F9D-44DC-AB9D-2F43D330651E}.Release|Any CPU.ActiveCfg = Release|Any CPU
		{6BC59EBB-9F9D-44DC-AB9D-2F43D330651E}.Release|Any CPU.Build.0 = Release|Any CPU
	EndGlobalSection
	GlobalSection(SolutionProperties) = preSolution
		HideSolutionNode = FALSE
	EndGlobalSection
	GlobalSection(NestedProjects) = preSolution
		{7DE5BAAB-572B-4E24-857A-8CC681235AA6} = {E0879690-69F8-4909-A8D2-80BEEE0DC70F}
		{E0879690-69F8-4909-A8D2-80BEEE0DC70F} = {E7A73EB5-B8E0-48B6-9617-0282A2FC1B17}
		{CA3A3354-9B5F-4F50-93DB-377155DC4F14} = {E7A73EB5-B8E0-48B6-9617-0282A2FC1B17}
		{AA9F079D-43B0-405A-A684-11DC67221CF6} = {CA3A3354-9B5F-4F50-93DB-377155DC4F14}
		{5162837B-1DEA-42F7-B8CC-D883E5C3C6BB} = {CA3A3354-9B5F-4F50-93DB-377155DC4F14}
		{B3C67078-E1A8-4D73-8ECA-A820103AEA84} = {E7A73EB5-B8E0-48B6-9617-0282A2FC1B17}
		{B1717B2B-F61B-478C-8724-B69315060BF1} = {B3C67078-E1A8-4D73-8ECA-A820103AEA84}
		{BE4BC6AA-79D9-446C-8ABB-FCFEB130389D} = {CA3A3354-9B5F-4F50-93DB-377155DC4F14}
		{2E015B67-38E1-4464-911C-B3994829F8FA} = {E7A73EB5-B8E0-48B6-9617-0282A2FC1B17}
		{2C0C3F3C-A0DD-4C3D-99D9-91DFCEB37694} = {2E015B67-38E1-4464-911C-B3994829F8FA}
		{0769464E-09B0-47DC-B9E4-83D6C93BB6DD} = {2E015B67-38E1-4464-911C-B3994829F8FA}
		{D9E566C6-CEA5-4EA6-A8C2-C1E8E007B6B0} = {E7A73EB5-B8E0-48B6-9617-0282A2FC1B17}
		{6BC59EBB-9F9D-44DC-AB9D-2F43D330651E} = {D9E566C6-CEA5-4EA6-A8C2-C1E8E007B6B0}
	EndGlobalSection
	GlobalSection(ExtensibilityGlobals) = postSolution
		SolutionGuid = {DAFD4F2A-4FFF-47F2-AAC6-7B5319C30732}
	EndGlobalSection
EndGlobal
